
Microsoft Visual Studio Solution File, Format Version 12.00
# Visual Studio 14
VisualStudioVersion = 14.0.25420.1
MinimumVisualStudioVersion = 10.0.40219.1
Project("{FAE04EC0-301F-11D3-BF4B-00C04F79EFBC}") = "Vidly", "Vidly\Vidly.csproj", "{0226A9A9-26F0-4A13-9CB5-609A9E6576CE}"
EndProject
Global
	GlobalSection(SolutionConfigurationPlatforms) = preSolution
		Debug|Any CPU = Debug|Any CPU
		Release|Any CPU = Release|Any CPU
	EndGlobalSection
	GlobalSection(ProjectConfigurationPlatforms) = postSolution
		{0226A9A9-26F0-4A13-9CB5-609A9E6576CE}.Debug|Any CPU.ActiveCfg = Debug|Any CPU
		{0226A9A9-26F0-4A13-9CB5-609A9E6576CE}.Debug|Any CPU.Build.0 = Debug|Any CPU
		{0226A9A9-26F0-4A13-9CB5-609A9E6576CE}.Release|Any CPU.ActiveCfg = Release|Any CPU
		{0226A9A9-26F0-4A13-9CB5-609A9E6576CE}.Release|Any CPU.Build.0 = Release|Any CPU
	EndGlobalSection
	GlobalSection(SolutionProperties) = preSolution
		HideSolutionNode = FALSE
	EndGlobalSection
EndGlobal
